
Microsoft Visual Studio Solution File, Format Version 12.00
# Visual Studio Version 16
VisualStudioVersion = 16.0.31205.134
MinimumVisualStudioVersion = 10.0.40219.1
Project("{FAE04EC0-301F-11D3-BF4B-00C04F79EFBC}") = "servicio.cliente", "servicio.cliente\servicio.cliente.csproj", "{7ADFDDA9-8E88-4B50-84E9-097A127D98CA}"
EndProject
Project("{FAE04EC0-301F-11D3-BF4B-00C04F79EFBC}") = "servicio.api", "servicio.api\servicio.api.csproj", "{F61279A7-B7BE-474F-8A64-B8B63ABC9A10}"
EndProject
Project("{FAE04EC0-301F-11D3-BF4B-00C04F79EFBC}") = "servicio.api.ADO", "servicio.api.ADO\servicio.api.ADO.csproj", "{306496CB-EAEE-4677-84BD-D7DF6619AE62}"
EndProject
Project("{FAE04EC0-301F-11D3-BF4B-00C04F79EFBC}") = "servicio.api.negocio", "servicio.api.negocio\servicio.api.negocio.csproj", "{D6997776-2990-47B4-ADEB-E20D825E5F16}"
EndProject
Project("{FAE04EC0-301F-11D3-BF4B-00C04F79EFBC}") = "servicio.api.common", "servicio.api.common\servicio.api.common.csproj", "{D6D78844-BFDE-4759-90E7-949AFF4BCDC0}"
EndProject
Global
	GlobalSection(SolutionConfigurationPlatforms) = preSolution
		Debug|Any CPU = Debug|Any CPU
		Release|Any CPU = Release|Any CPU
	EndGlobalSection
	GlobalSection(ProjectConfigurationPlatforms) = postSolution
		{7ADFDDA9-8E88-4B50-84E9-097A127D98CA}.Debug|Any CPU.ActiveCfg = Debug|Any CPU
		{7ADFDDA9-8E88-4B50-84E9-097A127D98CA}.Debug|Any CPU.Build.0 = Debug|Any CPU
		{7ADFDDA9-8E88-4B50-84E9-097A127D98CA}.Release|Any CPU.ActiveCfg = Release|Any CPU
		{7ADFDDA9-8E88-4B50-84E9-097A127D98CA}.Release|Any CPU.Build.0 = Release|Any CPU
		{F61279A7-B7BE-474F-8A64-B8B63ABC9A10}.Debug|Any CPU.ActiveCfg = Debug|Any CPU
		{F61279A7-B7BE-474F-8A64-B8B63ABC9A10}.Debug|Any CPU.Build.0 = Debug|Any CPU
		{F61279A7-B7BE-474F-8A64-B8B63ABC9A10}.Release|Any CPU.ActiveCfg = Release|Any CPU
		{F61279A7-B7BE-474F-8A64-B8B63ABC9A10}.Release|Any CPU.Build.0 = Release|Any CPU
		{306496CB-EAEE-4677-84BD-D7DF6619AE62}.Debug|Any CPU.ActiveCfg = Debug|Any CPU
		{306496CB-EAEE-4677-84BD-D7DF6619AE62}.Debug|Any CPU.Build.0 = Debug|Any CPU
		{306496CB-EAEE-4677-84BD-D7DF6619AE62}.Release|Any CPU.ActiveCfg = Release|Any CPU
		{306496CB-EAEE-4677-84BD-D7DF6619AE62}.Release|Any CPU.Build.0 = Release|Any CPU
		{D6997776-2990-47B4-ADEB-E20D825E5F16}.Debug|Any CPU.ActiveCfg = Debug|Any CPU
		{D6997776-2990-47B4-ADEB-E20D825E5F16}.Debug|Any CPU.Build.0 = Debug|Any CPU
		{D6997776-2990-47B4-ADEB-E20D825E5F16}.Release|Any CPU.ActiveCfg = Release|Any CPU
		{D6997776-2990-47B4-ADEB-E20D825E5F16}.Release|Any CPU.Build.0 = Release|Any CPU
		{D6D78844-BFDE-4759-90E7-949AFF4BCDC0}.Debug|Any CPU.ActiveCfg = Debug|Any CPU
		{D6D78844-BFDE-4759-90E7-949AFF4BCDC0}.Debug|Any CPU.Build.0 = Debug|Any CPU
		{D6D78844-BFDE-4759-90E7-949AFF4BCDC0}.Release|Any CPU.ActiveCfg = Release|Any CPU
		{D6D78844-BFDE-4759-90E7-949AFF4BCDC0}.Release|Any CPU.Build.0 = Release|Any CPU
	EndGlobalSection
	GlobalSection(SolutionProperties) = preSolution
		HideSolutionNode = FALSE
	EndGlobalSection
	GlobalSection(ExtensibilityGlobals) = postSolution
		SolutionGuid = {096C1B0E-47B6-45AA-8BB4-0B54BC215595}
	EndGlobalSection
EndGlobal
